<<<<<<< HEAD
<Solution>
  <Configurations>
    <Platform Name="x64" />
    <Platform Name="x86" />
  </Configurations>
  <Project Path="Lec02_Findmax/Lec02_Findmax.vcxproj" />
</Solution>
=======
<Solution>
  <Configurations>
    <Platform Name="x64" />
    <Platform Name="x86" />
  </Configurations>
  <Project Path="Lec02_Findmax/Lec02_Findmax.vcxproj" />
</Solution>
>>>>>>> 588e1cf978824a71a83aa87d1022efb31cd980e8
